
Microsoft Visual Studio Solution File, Format Version 12.00
# Visual Studio Version 17
VisualStudioVersion = 17.3.32611.2
MinimumVisualStudioVersion = 10.0.40219.1
Project("{FAE04EC0-301F-11D3-BF4B-00C04F79EFBC}") = "İş ve Depo Takip", "İş ve Depo Takip\İş ve Depo Takip.csproj", "{092F6BA3-6BB1-464A-B3B9-A8A005DB6BD2}"
EndProject
Global
	GlobalSection(SolutionConfigurationPlatforms) = preSolution
		Debug|Any CPU = Debug|Any CPU
		Release|Any CPU = Release|Any CPU
	EndGlobalSection
	GlobalSection(ProjectConfigurationPlatforms) = postSolution
		{092F6BA3-6BB1-464A-B3B9-A8A005DB6BD2}.Debug|Any CPU.ActiveCfg = Debug|Any CPU
		{092F6BA3-6BB1-464A-B3B9-A8A005DB6BD2}.Debug|Any CPU.Build.0 = Debug|Any CPU
		{092F6BA3-6BB1-464A-B3B9-A8A005DB6BD2}.Release|Any CPU.ActiveCfg = Release|Any CPU
		{092F6BA3-6BB1-464A-B3B9-A8A005DB6BD2}.Release|Any CPU.Build.0 = Release|Any CPU
	EndGlobalSection
	GlobalSection(SolutionProperties) = preSolution
		HideSolutionNode = FALSE
	EndGlobalSection
	GlobalSection(ExtensibilityGlobals) = postSolution
		SolutionGuid = {C8D16D27-A89E-4EA0-BD8C-95823AED0F83}
	EndGlobalSection
EndGlobal
